
Microsoft Visual Studio Solution File, Format Version 12.00
# Visual Studio 14
VisualStudioVersion = 14.0.23107.0
MinimumVisualStudioVersion = 10.0.40219.1
Project("{9092AA53-FB77-4645-B42D-1CCCA6BD08BD}") = "Edge1", "Edge1\Edge1.njsproj", "{C11D1033-7B05-44CD-A112-2CDB1FFBE966}"
EndProject
Global
	GlobalSection(SolutionConfigurationPlatforms) = preSolution
		Debug|Any CPU = Debug|Any CPU
		Release|Any CPU = Release|Any CPU
	EndGlobalSection
	GlobalSection(ProjectConfigurationPlatforms) = postSolution
		{C11D1033-7B05-44CD-A112-2CDB1FFBE966}.Debug|Any CPU.ActiveCfg = Debug|Any CPU
		{C11D1033-7B05-44CD-A112-2CDB1FFBE966}.Debug|Any CPU.Build.0 = Debug|Any CPU
		{C11D1033-7B05-44CD-A112-2CDB1FFBE966}.Release|Any CPU.ActiveCfg = Release|Any CPU
		{C11D1033-7B05-44CD-A112-2CDB1FFBE966}.Release|Any CPU.Build.0 = Release|Any CPU
	EndGlobalSection
	GlobalSection(SolutionProperties) = preSolution
		HideSolutionNode = FALSE
	EndGlobalSection
EndGlobal
